
Microsoft Visual Studio Solution File, Format Version 12.00
# Visual Studio Version 17
VisualStudioVersion = 17.5.33424.131
MinimumVisualStudioVersion = 10.0.40219.1
Project("{FAE04EC0-301F-11D3-BF4B-00C04F79EFBC}") = "zadanie dz6", "zadanie dz6.csproj", "{B39A291E-3DD8-437F-A890-D56E4C9A34D6}"
EndProject
Global
	GlobalSection(SolutionConfigurationPlatforms) = preSolution
		Debug|Any CPU = Debug|Any CPU
		Release|Any CPU = Release|Any CPU
	EndGlobalSection
	GlobalSection(ProjectConfigurationPlatforms) = postSolution
		{B39A291E-3DD8-437F-A890-D56E4C9A34D6}.Debug|Any CPU.ActiveCfg = Debug|Any CPU
		{B39A291E-3DD8-437F-A890-D56E4C9A34D6}.Debug|Any CPU.Build.0 = Debug|Any CPU
		{B39A291E-3DD8-437F-A890-D56E4C9A34D6}.Release|Any CPU.ActiveCfg = Release|Any CPU
		{B39A291E-3DD8-437F-A890-D56E4C9A34D6}.Release|Any CPU.Build.0 = Release|Any CPU
	EndGlobalSection
	GlobalSection(SolutionProperties) = preSolution
		HideSolutionNode = FALSE
	EndGlobalSection
	GlobalSection(ExtensibilityGlobals) = postSolution
		SolutionGuid = {26DC91F0-C96A-4154-B04B-8A0EB46E06B7}
	EndGlobalSection
EndGlobal
