
Microsoft Visual Studio Solution File, Format Version 12.00
# Visual Studio Version 17
VisualStudioVersion = 17.5.33424.131
MinimumVisualStudioVersion = 10.0.40219.1
Project("{FAE04EC0-301F-11D3-BF4B-00C04F79EFBC}") = "Zadanie dz 5", "Zadanie dz 5.csproj", "{C2169311-4BB4-4FDA-9A54-24925FE4DD6D}"
EndProject
Global
	GlobalSection(SolutionConfigurationPlatforms) = preSolution
		Debug|Any CPU = Debug|Any CPU
		Release|Any CPU = Release|Any CPU
	EndGlobalSection
	GlobalSection(ProjectConfigurationPlatforms) = postSolution
		{C2169311-4BB4-4FDA-9A54-24925FE4DD6D}.Debug|Any CPU.ActiveCfg = Debug|Any CPU
		{C2169311-4BB4-4FDA-9A54-24925FE4DD6D}.Debug|Any CPU.Build.0 = Debug|Any CPU
		{C2169311-4BB4-4FDA-9A54-24925FE4DD6D}.Release|Any CPU.ActiveCfg = Release|Any CPU
		{C2169311-4BB4-4FDA-9A54-24925FE4DD6D}.Release|Any CPU.Build.0 = Release|Any CPU
	EndGlobalSection
	GlobalSection(SolutionProperties) = preSolution
		HideSolutionNode = FALSE
	EndGlobalSection
	GlobalSection(ExtensibilityGlobals) = postSolution
		SolutionGuid = {534F3A5C-C71B-4158-B340-0A64F71E754F}
	EndGlobalSection
EndGlobal
